
Microsoft Visual Studio Solution File, Format Version 12.00
# Visual Studio 14
VisualStudioVersion = 14.0.23107.0
MinimumVisualStudioVersion = 10.0.40219.1
Project("{FAE04EC0-301F-11D3-BF4B-00C04F79EFBC}") = "Rad301CA2", "Rad301CA2\Rad301CA2.csproj", "{D7BD92ED-2844-42F0-B179-47D4985090CB}"
EndProject
Global
	GlobalSection(SolutionConfigurationPlatforms) = preSolution
		Debug|Any CPU = Debug|Any CPU
		Release|Any CPU = Release|Any CPU
	EndGlobalSection
	GlobalSection(ProjectConfigurationPlatforms) = postSolution
		{D7BD92ED-2844-42F0-B179-47D4985090CB}.Debug|Any CPU.ActiveCfg = Debug|Any CPU
		{D7BD92ED-2844-42F0-B179-47D4985090CB}.Debug|Any CPU.Build.0 = Debug|Any CPU
		{D7BD92ED-2844-42F0-B179-47D4985090CB}.Release|Any CPU.ActiveCfg = Release|Any CPU
		{D7BD92ED-2844-42F0-B179-47D4985090CB}.Release|Any CPU.Build.0 = Release|Any CPU
	EndGlobalSection
	GlobalSection(SolutionProperties) = preSolution
		HideSolutionNode = FALSE
	EndGlobalSection
EndGlobal
